
Microsoft Visual Studio Solution File, Format Version 12.00
# Visual Studio Version 16
VisualStudioVersion = 16.0.31729.503
MinimumVisualStudioVersion = 10.0.40219.1
Project("{FAE04EC0-301F-11D3-BF4B-00C04F79EFBC}") = "diecast", "diecast.csproj", "{20BA9961-0F25-404B-B3D9-88991047A765}"
EndProject
Global
	GlobalSection(SolutionConfigurationPlatforms) = preSolution
		Debug|Any CPU = Debug|Any CPU
		Release|Any CPU = Release|Any CPU
	EndGlobalSection
	GlobalSection(ProjectConfigurationPlatforms) = postSolution
		{20BA9961-0F25-404B-B3D9-88991047A765}.Debug|Any CPU.ActiveCfg = Debug|Any CPU
		{20BA9961-0F25-404B-B3D9-88991047A765}.Debug|Any CPU.Build.0 = Debug|Any CPU
		{20BA9961-0F25-404B-B3D9-88991047A765}.Release|Any CPU.ActiveCfg = Release|Any CPU
		{20BA9961-0F25-404B-B3D9-88991047A765}.Release|Any CPU.Build.0 = Release|Any CPU
	EndGlobalSection
	GlobalSection(SolutionProperties) = preSolution
		HideSolutionNode = FALSE
	EndGlobalSection
	GlobalSection(ExtensibilityGlobals) = postSolution
		SolutionGuid = {D05F7811-5947-40A8-9B67-CFBE6A1A7F49}
	EndGlobalSection
EndGlobal
